
Microsoft Visual Studio Solution File, Format Version 12.00
# Visual Studio 2013
VisualStudioVersion = 12.0.30110.0
MinimumVisualStudioVersion = 10.0.40219.1
Project("{2150E333-8FDC-42A3-9474-1A3956D46DE8}") = "Vega", "Vega", "{E858CDD9-FB01-46F3-91BD-57AB3FCB65FC}"
EndProject
Project("{8BC9CEB8-8B4A-11D0-8D11-00A0C91BC942}") = "VMax", "VMax\VMax.vcxproj", "{D8BC5EC5-4B3A-4BE7-9825-A41F153FA211}"
	ProjectSection(ProjectDependencies) = postProject
		{F85A51DC-F31C-4709-B797-F604F8CBD09F} = {F85A51DC-F31C-4709-B797-F604F8CBD09F}
	EndProjectSection
EndProject
Project("{2150E333-8FDC-42A3-9474-1A3956D46DE8}") = "VMax", "VMax", "{6BEB9BEB-7678-4416-BAD0-E359518D09D8}"
EndProject
Project("{8BC9CEB8-8B4A-11D0-8D11-00A0C91BC942}") = "nvtt", "VMax\nvidia-texture-tools\project\vc8\nvtt\nvtt.vcxproj", "{1AEB7681-57D8-48EE-813D-5C41CC38B647}"
EndProject
Project("{8BC9CEB8-8B4A-11D0-8D11-00A0C91BC942}") = "nvimage", "VMax\nvidia-texture-tools\project\vc8\nvimage\nvimage.vcxproj", "{4046F392-A18B-4C66-9639-3EABFFF5D531}"
EndProject
Project("{8BC9CEB8-8B4A-11D0-8D11-00A0C91BC942}") = "nvcore", "VMax\nvidia-texture-tools\project\vc8\nvcore\nvcore.vcxproj", "{F143D180-D4C4-4037-B3DE-BE89A21C8D1D}"
EndProject
Project("{8BC9CEB8-8B4A-11D0-8D11-00A0C91BC942}") = "nvmath", "VMax\nvidia-texture-tools\project\vc8\nvmath\nvmath.vcxproj", "{50C465FE-B308-42BC-894D-89484482AF06}"
EndProject
Project("{8BC9CEB8-8B4A-11D0-8D11-00A0C91BC942}") = "squish", "VMax\nvidia-texture-tools\project\vc8\squish\squish.vcxproj", "{CE017322-01FC-4851-9C8B-64E9A8E26C38}"
EndProject
Project("{2150E333-8FDC-42A3-9474-1A3956D46DE8}") = "Depends", "Depends", "{415E0BD0-B389-45D2-9D64-A8E70CF3A32A}"
EndProject
Project("{8BC9CEB8-8B4A-11D0-8D11-00A0C91BC942}") = "vega_morpher_2014", "..\external\MaxSDKs\14\samples\modifiers\morpher\vega_morpher\vega_morpher.vcxproj", "{F85A51DC-F31C-4709-B797-F604F8CBD09F}"
EndProject
Global
	GlobalSection(SolutionConfigurationPlatforms) = preSolution
		Hybrid Max 2013|Win32 = Hybrid Max 2013|Win32
		Hybrid Max 2013|x64 = Hybrid Max 2013|x64
		Hybrid Max 2014|Win32 = Hybrid Max 2014|Win32
		Hybrid Max 2014|x64 = Hybrid Max 2014|x64
		Release Max 2013|Win32 = Release Max 2013|Win32
		Release Max 2013|x64 = Release Max 2013|x64
		Release Max 2014|Win32 = Release Max 2014|Win32
		Release Max 2014|x64 = Release Max 2014|x64
	EndGlobalSection
	GlobalSection(ProjectConfigurationPlatforms) = postSolution
		{D8BC5EC5-4B3A-4BE7-9825-A41F153FA211}.Hybrid Max 2013|Win32.ActiveCfg = Hybrid Max 2013|Win32
		{D8BC5EC5-4B3A-4BE7-9825-A41F153FA211}.Hybrid Max 2013|Win32.Build.0 = Hybrid Max 2013|Win32
		{D8BC5EC5-4B3A-4BE7-9825-A41F153FA211}.Hybrid Max 2013|x64.ActiveCfg = Hybrid Max 2013|x64
		{D8BC5EC5-4B3A-4BE7-9825-A41F153FA211}.Hybrid Max 2013|x64.Build.0 = Hybrid Max 2013|x64
		{D8BC5EC5-4B3A-4BE7-9825-A41F153FA211}.Hybrid Max 2014|Win32.ActiveCfg = Hybrid Max 2014|Win32
		{D8BC5EC5-4B3A-4BE7-9825-A41F153FA211}.Hybrid Max 2014|x64.ActiveCfg = Hybrid Max 2014|x64
		{D8BC5EC5-4B3A-4BE7-9825-A41F153FA211}.Hybrid Max 2014|x64.Build.0 = Hybrid Max 2014|x64
		{D8BC5EC5-4B3A-4BE7-9825-A41F153FA211}.Release Max 2013|Win32.ActiveCfg = Release Max 2013|Win32
		{D8BC5EC5-4B3A-4BE7-9825-A41F153FA211}.Release Max 2013|Win32.Build.0 = Release Max 2013|Win32
		{D8BC5EC5-4B3A-4BE7-9825-A41F153FA211}.Release Max 2013|x64.ActiveCfg = Release Max 2013|x64
		{D8BC5EC5-4B3A-4BE7-9825-A41F153FA211}.Release Max 2013|x64.Build.0 = Release Max 2013|x64
		{D8BC5EC5-4B3A-4BE7-9825-A41F153FA211}.Release Max 2014|Win32.ActiveCfg = Release Max 2014|Win32
		{D8BC5EC5-4B3A-4BE7-9825-A41F153FA211}.Release Max 2014|x64.ActiveCfg = Release Max 2014|x64
		{D8BC5EC5-4B3A-4BE7-9825-A41F153FA211}.Release Max 2014|x64.Build.0 = Release Max 2014|x64
		{1AEB7681-57D8-48EE-813D-5C41CC38B647}.Hybrid Max 2013|Win32.ActiveCfg = Release|Win32
		{1AEB7681-57D8-48EE-813D-5C41CC38B647}.Hybrid Max 2013|Win32.Build.0 = Release|Win32
		{1AEB7681-57D8-48EE-813D-5C41CC38B647}.Hybrid Max 2013|x64.ActiveCfg = Release|x64
		{1AEB7681-57D8-48EE-813D-5C41CC38B647}.Hybrid Max 2013|x64.Build.0 = Release|x64
		{1AEB7681-57D8-48EE-813D-5C41CC38B647}.Hybrid Max 2014|Win32.ActiveCfg = Release|Win32
		{1AEB7681-57D8-48EE-813D-5C41CC38B647}.Hybrid Max 2014|x64.ActiveCfg = Release|x64
		{1AEB7681-57D8-48EE-813D-5C41CC38B647}.Hybrid Max 2014|x64.Build.0 = Release|x64
		{1AEB7681-57D8-48EE-813D-5C41CC38B647}.Release Max 2013|Win32.ActiveCfg = Release (no cuda)|Win32
		{1AEB7681-57D8-48EE-813D-5C41CC38B647}.Release Max 2013|Win32.Build.0 = Release (no cuda)|Win32
		{1AEB7681-57D8-48EE-813D-5C41CC38B647}.Release Max 2013|x64.ActiveCfg = Release (no cuda)|x64
		{1AEB7681-57D8-48EE-813D-5C41CC38B647}.Release Max 2013|x64.Build.0 = Release (no cuda)|x64
		{1AEB7681-57D8-48EE-813D-5C41CC38B647}.Release Max 2014|Win32.ActiveCfg = Release (no cuda)|Win32
		{1AEB7681-57D8-48EE-813D-5C41CC38B647}.Release Max 2014|x64.ActiveCfg = Release (no cuda)|x64
		{1AEB7681-57D8-48EE-813D-5C41CC38B647}.Release Max 2014|x64.Build.0 = Release (no cuda)|x64
		{4046F392-A18B-4C66-9639-3EABFFF5D531}.Hybrid Max 2013|Win32.ActiveCfg = Release|Win32
		{4046F392-A18B-4C66-9639-3EABFFF5D531}.Hybrid Max 2013|Win32.Build.0 = Release|Win32
		{4046F392-A18B-4C66-9639-3EABFFF5D531}.Hybrid Max 2013|x64.ActiveCfg = Release|x64
		{4046F392-A18B-4C66-9639-3EABFFF5D531}.Hybrid Max 2013|x64.Build.0 = Release|x64
		{4046F392-A18B-4C66-9639-3EABFFF5D531}.Hybrid Max 2014|Win32.ActiveCfg = Release|Win32
		{4046F392-A18B-4C66-9639-3EABFFF5D531}.Hybrid Max 2014|x64.ActiveCfg = Release|x64
		{4046F392-A18B-4C66-9639-3EABFFF5D531}.Hybrid Max 2014|x64.Build.0 = Release|x64
		{4046F392-A18B-4C66-9639-3EABFFF5D531}.Release Max 2013|Win32.ActiveCfg = Release|Win32
		{4046F392-A18B-4C66-9639-3EABFFF5D531}.Release Max 2013|Win32.Build.0 = Release|Win32
		{4046F392-A18B-4C66-9639-3EABFFF5D531}.Release Max 2013|x64.ActiveCfg = Release|x64
		{4046F392-A18B-4C66-9639-3EABFFF5D531}.Release Max 2013|x64.Build.0 = Release|x64
		{4046F392-A18B-4C66-9639-3EABFFF5D531}.Release Max 2014|Win32.ActiveCfg = Release|Win32
		{4046F392-A18B-4C66-9639-3EABFFF5D531}.Release Max 2014|x64.ActiveCfg = Release|x64
		{4046F392-A18B-4C66-9639-3EABFFF5D531}.Release Max 2014|x64.Build.0 = Release|x64
		{F143D180-D4C4-4037-B3DE-BE89A21C8D1D}.Hybrid Max 2013|Win32.ActiveCfg = Release|Win32
		{F143D180-D4C4-4037-B3DE-BE89A21C8D1D}.Hybrid Max 2013|Win32.Build.0 = Release|Win32
		{F143D180-D4C4-4037-B3DE-BE89A21C8D1D}.Hybrid Max 2013|x64.ActiveCfg = Release|x64
		{F143D180-D4C4-4037-B3DE-BE89A21C8D1D}.Hybrid Max 2013|x64.Build.0 = Release|x64
		{F143D180-D4C4-4037-B3DE-BE89A21C8D1D}.Hybrid Max 2014|Win32.ActiveCfg = Release|Win32
		{F143D180-D4C4-4037-B3DE-BE89A21C8D1D}.Hybrid Max 2014|x64.ActiveCfg = Release|x64
		{F143D180-D4C4-4037-B3DE-BE89A21C8D1D}.Hybrid Max 2014|x64.Build.0 = Release|x64
		{F143D180-D4C4-4037-B3DE-BE89A21C8D1D}.Release Max 2013|Win32.ActiveCfg = Release|Win32
		{F143D180-D4C4-4037-B3DE-BE89A21C8D1D}.Release Max 2013|Win32.Build.0 = Release|Win32
		{F143D180-D4C4-4037-B3DE-BE89A21C8D1D}.Release Max 2013|x64.ActiveCfg = Release|x64
		{F143D180-D4C4-4037-B3DE-BE89A21C8D1D}.Release Max 2013|x64.Build.0 = Release|x64
		{F143D180-D4C4-4037-B3DE-BE89A21C8D1D}.Release Max 2014|Win32.ActiveCfg = Release|Win32
		{F143D180-D4C4-4037-B3DE-BE89A21C8D1D}.Release Max 2014|x64.ActiveCfg = Release|x64
		{F143D180-D4C4-4037-B3DE-BE89A21C8D1D}.Release Max 2014|x64.Build.0 = Release|x64
		{50C465FE-B308-42BC-894D-89484482AF06}.Hybrid Max 2013|Win32.ActiveCfg = Release|Win32
		{50C465FE-B308-42BC-894D-89484482AF06}.Hybrid Max 2013|Win32.Build.0 = Release|Win32
		{50C465FE-B308-42BC-894D-89484482AF06}.Hybrid Max 2013|x64.ActiveCfg = Release|x64
		{50C465FE-B308-42BC-894D-89484482AF06}.Hybrid Max 2013|x64.Build.0 = Release|x64
		{50C465FE-B308-42BC-894D-89484482AF06}.Hybrid Max 2014|Win32.ActiveCfg = Release|Win32
		{50C465FE-B308-42BC-894D-89484482AF06}.Hybrid Max 2014|x64.ActiveCfg = Release|x64
		{50C465FE-B308-42BC-894D-89484482AF06}.Hybrid Max 2014|x64.Build.0 = Release|x64
		{50C465FE-B308-42BC-894D-89484482AF06}.Release Max 2013|Win32.ActiveCfg = Release|Win32
		{50C465FE-B308-42BC-894D-89484482AF06}.Release Max 2013|Win32.Build.0 = Release|Win32
		{50C465FE-B308-42BC-894D-89484482AF06}.Release Max 2013|x64.ActiveCfg = Release|x64
		{50C465FE-B308-42BC-894D-89484482AF06}.Release Max 2013|x64.Build.0 = Release|x64
		{50C465FE-B308-42BC-894D-89484482AF06}.Release Max 2014|Win32.ActiveCfg = Release|Win32
		{50C465FE-B308-42BC-894D-89484482AF06}.Release Max 2014|x64.ActiveCfg = Release|x64
		{50C465FE-B308-42BC-894D-89484482AF06}.Release Max 2014|x64.Build.0 = Release|x64
		{CE017322-01FC-4851-9C8B-64E9A8E26C38}.Hybrid Max 2013|Win32.ActiveCfg = Release|Win32
		{CE017322-01FC-4851-9C8B-64E9A8E26C38}.Hybrid Max 2013|Win32.Build.0 = Release|Win32
		{CE017322-01FC-4851-9C8B-64E9A8E26C38}.Hybrid Max 2013|x64.ActiveCfg = Release|x64
		{CE017322-01FC-4851-9C8B-64E9A8E26C38}.Hybrid Max 2013|x64.Build.0 = Release|x64
		{CE017322-01FC-4851-9C8B-64E9A8E26C38}.Hybrid Max 2014|Win32.ActiveCfg = Release|Win32
		{CE017322-01FC-4851-9C8B-64E9A8E26C38}.Hybrid Max 2014|x64.ActiveCfg = Release|x64
		{CE017322-01FC-4851-9C8B-64E9A8E26C38}.Hybrid Max 2014|x64.Build.0 = Release|x64
		{CE017322-01FC-4851-9C8B-64E9A8E26C38}.Release Max 2013|Win32.ActiveCfg = Release|Win32
		{CE017322-01FC-4851-9C8B-64E9A8E26C38}.Release Max 2013|Win32.Build.0 = Release|Win32
		{CE017322-01FC-4851-9C8B-64E9A8E26C38}.Release Max 2013|x64.ActiveCfg = Release|x64
		{CE017322-01FC-4851-9C8B-64E9A8E26C38}.Release Max 2013|x64.Build.0 = Release|x64
		{CE017322-01FC-4851-9C8B-64E9A8E26C38}.Release Max 2014|Win32.ActiveCfg = Release|Win32
		{CE017322-01FC-4851-9C8B-64E9A8E26C38}.Release Max 2014|x64.ActiveCfg = Release|x64
		{CE017322-01FC-4851-9C8B-64E9A8E26C38}.Release Max 2014|x64.Build.0 = Release|x64
		{F85A51DC-F31C-4709-B797-F604F8CBD09F}.Hybrid Max 2013|Win32.ActiveCfg = Release|Win32
		{F85A51DC-F31C-4709-B797-F604F8CBD09F}.Hybrid Max 2013|Win32.Build.0 = Release|Win32
		{F85A51DC-F31C-4709-B797-F604F8CBD09F}.Hybrid Max 2013|x64.ActiveCfg = Release|x64
		{F85A51DC-F31C-4709-B797-F604F8CBD09F}.Hybrid Max 2013|x64.Build.0 = Release|x64
		{F85A51DC-F31C-4709-B797-F604F8CBD09F}.Hybrid Max 2014|Win32.ActiveCfg = Release|Win32
		{F85A51DC-F31C-4709-B797-F604F8CBD09F}.Hybrid Max 2014|x64.ActiveCfg = Release|x64
		{F85A51DC-F31C-4709-B797-F604F8CBD09F}.Hybrid Max 2014|x64.Build.0 = Release|x64
		{F85A51DC-F31C-4709-B797-F604F8CBD09F}.Release Max 2013|Win32.ActiveCfg = Release|Win32
		{F85A51DC-F31C-4709-B797-F604F8CBD09F}.Release Max 2013|Win32.Build.0 = Release|Win32
		{F85A51DC-F31C-4709-B797-F604F8CBD09F}.Release Max 2013|x64.ActiveCfg = Release|x64
		{F85A51DC-F31C-4709-B797-F604F8CBD09F}.Release Max 2013|x64.Build.0 = Release|x64
		{F85A51DC-F31C-4709-B797-F604F8CBD09F}.Release Max 2014|Win32.ActiveCfg = Release|Win32
		{F85A51DC-F31C-4709-B797-F604F8CBD09F}.Release Max 2014|x64.ActiveCfg = Release|x64
		{F85A51DC-F31C-4709-B797-F604F8CBD09F}.Release Max 2014|x64.Build.0 = Release|x64
	EndGlobalSection
	GlobalSection(SolutionProperties) = preSolution
		HideSolutionNode = FALSE
	EndGlobalSection
	GlobalSection(NestedProjects) = preSolution
		{6BEB9BEB-7678-4416-BAD0-E359518D09D8} = {E858CDD9-FB01-46F3-91BD-57AB3FCB65FC}
		{D8BC5EC5-4B3A-4BE7-9825-A41F153FA211} = {6BEB9BEB-7678-4416-BAD0-E359518D09D8}
		{415E0BD0-B389-45D2-9D64-A8E70CF3A32A} = {6BEB9BEB-7678-4416-BAD0-E359518D09D8}
		{4046F392-A18B-4C66-9639-3EABFFF5D531} = {415E0BD0-B389-45D2-9D64-A8E70CF3A32A}
		{F143D180-D4C4-4037-B3DE-BE89A21C8D1D} = {415E0BD0-B389-45D2-9D64-A8E70CF3A32A}
		{50C465FE-B308-42BC-894D-89484482AF06} = {415E0BD0-B389-45D2-9D64-A8E70CF3A32A}
		{CE017322-01FC-4851-9C8B-64E9A8E26C38} = {415E0BD0-B389-45D2-9D64-A8E70CF3A32A}
		{1AEB7681-57D8-48EE-813D-5C41CC38B647} = {415E0BD0-B389-45D2-9D64-A8E70CF3A32A}
		{F85A51DC-F31C-4709-B797-F604F8CBD09F} = {415E0BD0-B389-45D2-9D64-A8E70CF3A32A}
	EndGlobalSection
	GlobalSection(IntelOptPkgProperties) = preSolution
		LoadPackage = true
	EndGlobalSection
EndGlobal
