<?xml version="1.0" encoding="utf-8"?>
<Project ToolsVersion="4.0" xmlns="http://schemas.microsoft.com/developer/msbuild/2003">
  <ItemGroup>
    <Filter Include="Header Files">
      <UniqueIdentifier>{93995380-89BD-4b04-88EB-625FBE52EBFB}</UniqueIdentifier>
      <Extensions>h;hpp;hxx;hm;inl;inc;xsd</Extensions>
    </Filter>
    <Filter Include="Header Files\GUI">
      <UniqueIdentifier>{26ba9074-106e-4f36-998b-1407721cae53}</UniqueIdentifier>
    </Filter>
    <Filter Include="Header Files\Entity">
      <UniqueIdentifier>{6b8ae9cd-88dd-4c2a-ae5e-a61ad2fc2b24}</UniqueIdentifier>
    </Filter>
    <Filter Include="Header Files\xml">
      <UniqueIdentifier>{d9665dc4-5105-430d-9f55-6364d563458b}</UniqueIdentifier>
    </Filter>
    <Filter Include="Header Files\Camera">
      <UniqueIdentifier>{f40f8b17-2ec9-482a-99a7-b5a0c3d01a06}</UniqueIdentifier>
    </Filter>
    <Filter Include="Resource Files">
      <UniqueIdentifier>{67DA6AB6-F800-4c08-8B7A-83BB121AAD01}</UniqueIdentifier>
      <Extensions>rc;ico;cur;bmp;dlg;rc2;rct;bin;rgs;gif;jpg;jpeg;jpe;resx</Extensions>
    </Filter>
    <Filter Include="Source Files">
      <UniqueIdentifier>{4FC737F1-C7A5-4376-A066-2A32D752A2FF}</UniqueIdentifier>
      <Extensions>cpp;c;cc;cxx;def;odl;idl;hpj;bat;asm;asmx</Extensions>
    </Filter>
    <Filter Include="Source Files\GUI">
      <UniqueIdentifier>{6a08bd95-3cd8-4995-9c1b-cde30045f2fe}</UniqueIdentifier>
    </Filter>
    <Filter Include="Source Files\Entity">
      <UniqueIdentifier>{dc42cfce-f2d1-4a21-b21c-406efee5c938}</UniqueIdentifier>
    </Filter>
    <Filter Include="Source Files\xml">
      <UniqueIdentifier>{8a149c93-08da-49e7-b37b-a0be2073dab3}</UniqueIdentifier>
    </Filter>
    <Filter Include="Source Files\API">
      <UniqueIdentifier>{cf98db53-6f68-408a-b7d3-b4949b19af78}</UniqueIdentifier>
    </Filter>
    <Filter Include="Header Files\API">
      <UniqueIdentifier>{2b8d71a2-30d2-4fdc-85b6-b6d9c37605fe}</UniqueIdentifier>
    </Filter>
    <Filter Include="Source Files\Entity\Camera">
      <UniqueIdentifier>{d2eaa24b-e942-48d4-988d-01d15d0d7813}</UniqueIdentifier>
    </Filter>
  </ItemGroup>
  <ItemGroup>
    <ClInclude Include="inc\console.h">
      <Filter>Header Files</Filter>
    </ClInclude>
    <ClInclude Include="inc\consoleCommands.h">
      <Filter>Header Files</Filter>
    </ClInclude>
    <ClInclude Include="inc\EngineBase.h">
      <Filter>Header Files</Filter>
    </ClInclude>
    <ClInclude Include="inc\EngineGlobals.h">
      <Filter>Header Files</Filter>
    </ClInclude>
    <ClInclude Include="inc\EnginePlugins.h">
      <Filter>Header Files</Filter>
    </ClInclude>
    <ClInclude Include="inc\EnginePrivate.h">
      <Filter>Header Files</Filter>
    </ClInclude>
    <ClInclude Include="inc\EngineScriptingEx.h">
      <Filter>Header Files</Filter>
    </ClInclude>
    <ClInclude Include="inc\Input.h">
      <Filter>Header Files</Filter>
    </ClInclude>
    <ClInclude Include="inc\Window.h">
      <Filter>Header Files</Filter>
    </ClInclude>
    <ClInclude Include="inc\GUI\GUI.h">
      <Filter>Header Files\GUI</Filter>
    </ClInclude>
    <ClInclude Include="inc\world\Actor.h">
      <Filter>Header Files\Entity</Filter>
    </ClInclude>
    <ClInclude Include="inc\ActorDynamicSky.h">
      <Filter>Header Files\Entity</Filter>
    </ClInclude>
    <ClInclude Include="inc\ActorLight.h">
      <Filter>Header Files\Entity</Filter>
    </ClInclude>
    <ClInclude Include="inc\ActorMesh.h">
      <Filter>Header Files\Entity</Filter>
    </ClInclude>
    <ClInclude Include="inc\ActorSkyBox.h">
      <Filter>Header Files\Entity</Filter>
    </ClInclude>
    <ClInclude Include="inc\ActorSkyDome.h">
      <Filter>Header Files\Entity</Filter>
    </ClInclude>
    <ClInclude Include="inc\ActorSkyPlane.h">
      <Filter>Header Files\Entity</Filter>
    </ClInclude>
    <ClInclude Include="inc\ActorVegetation.h">
      <Filter>Header Files\Entity</Filter>
    </ClInclude>
    <ClInclude Include="inc\ActorWater.h">
      <Filter>Header Files\Entity</Filter>
    </ClInclude>
    <ClInclude Include="inc\EmitterParticle.h">
      <Filter>Header Files\Entity</Filter>
    </ClInclude>
    <ClInclude Include="inc\xml\LevelLoader.h">
      <Filter>Header Files\xml</Filter>
    </ClInclude>
    <ClInclude Include="inc\xml\XMLRead.h">
      <Filter>Header Files\xml</Filter>
    </ClInclude>
    <ClInclude Include="inc\camera\CCSBasicCameraModes.h">
      <Filter>Header Files\Camera</Filter>
    </ClInclude>
    <ClInclude Include="inc\camera\CCSCameraControlSystem.h">
      <Filter>Header Files\Camera</Filter>
    </ClInclude>
    <ClInclude Include="inc\camera\CCSFastDelegate.h">
      <Filter>Header Files\Camera</Filter>
    </ClInclude>
    <ClInclude Include="inc\camera\CCSFastDelegateBind.h">
      <Filter>Header Files\Camera</Filter>
    </ClInclude>
    <ClInclude Include="inc\camera\CCSFreeCameraMode.h">
      <Filter>Header Files\Camera</Filter>
    </ClInclude>
    <ClInclude Include="inc\EmitterSound.h">
      <Filter>Header Files\Entity</Filter>
    </ClInclude>
    <ClInclude Include="inc\camera\CameraFree.h">
      <Filter>Header Files\Entity</Filter>
    </ClInclude>
    <ClInclude Include="inc\camera\iCameraBase.h">
      <Filter>Header Files\Camera</Filter>
    </ClInclude>
    <ClInclude Include="inc\Updater.h">
      <Filter>Header Files</Filter>
    </ClInclude>
    <ClInclude Include="inc\SceneManager.h">
      <Filter>Header Files</Filter>
    </ClInclude>
    <ClInclude Include="inc\HydraxRttListener.h">
      <Filter>Header Files</Filter>
    </ClInclude>
    <ClInclude Include="inc\camera\CameraFPS.h">
      <Filter>Header Files\Entity</Filter>
    </ClInclude>
    <ClInclude Include="inc\APIEngineCommands.h">
      <Filter>Header Files\API</Filter>
    </ClInclude>
    <ClInclude Include="inc\tinyxml\tinyxml.h">
      <Filter>Header Files\xml</Filter>
    </ClInclude>
    <ClInclude Include="inc\ogremax\OgreMaxModel.h">
      <Filter>Header Files\xml</Filter>
    </ClInclude>
    <ClInclude Include="inc\ogremax\OgreMaxPlatform.h">
      <Filter>Header Files\xml</Filter>
    </ClInclude>
    <ClInclude Include="inc\ogremax\OgreMaxRenderWindowIterator.h">
      <Filter>Header Files\xml</Filter>
    </ClInclude>
    <ClInclude Include="inc\ogremax\OgreMaxScene.h">
      <Filter>Header Files\xml</Filter>
    </ClInclude>
    <ClInclude Include="inc\ogremax\OgreMaxTypes.h">
      <Filter>Header Files\xml</Filter>
    </ClInclude>
    <ClInclude Include="inc\ogremax\OgreMaxUtilities.h">
      <Filter>Header Files\xml</Filter>
    </ClInclude>
    <ClInclude Include="inc\ogremax\ProgressCalculator.h">
      <Filter>Header Files\xml</Filter>
    </ClInclude>
    <ClInclude Include="inc\ogremax\Version.h">
      <Filter>Header Files\xml</Filter>
    </ClInclude>
  </ItemGroup>
  <ItemGroup>
    <ClCompile Include="src\EnginePrivate.cpp">
      <Filter>Source Files</Filter>
    </ClCompile>
    <ClCompile Include="EngineUnity.cpp">
      <Filter>Resource Files</Filter>
    </ClCompile>
    <ClCompile Include="src\console.cpp">
      <Filter>Source Files</Filter>
    </ClCompile>
    <ClCompile Include="src\ConsoleCommands.cpp">
      <Filter>Source Files</Filter>
    </ClCompile>
    <ClCompile Include="src\EngineBase.cpp">
      <Filter>Source Files</Filter>
    </ClCompile>
    <ClCompile Include="src\engineGlobals.cpp">
      <Filter>Source Files</Filter>
    </ClCompile>
    <ClCompile Include="src\EnginePlugins.cpp">
      <Filter>Source Files</Filter>
    </ClCompile>
    <ClCompile Include="src\EngineScriptingEx.cpp">
      <Filter>Source Files</Filter>
    </ClCompile>
    <ClCompile Include="src\GUI\GUI.cpp">
      <Filter>Source Files</Filter>
    </ClCompile>
    <ClCompile Include="src\HydraxRttListener.cpp">
      <Filter>Source Files</Filter>
    </ClCompile>
    <ClCompile Include="src\Input.cpp">
      <Filter>Source Files</Filter>
    </ClCompile>
    <ClCompile Include="src\xml\LevelLoader.cpp">
      <Filter>Source Files</Filter>
    </ClCompile>
    <ClCompile Include="src\LoadEngineModules.cpp">
      <Filter>Source Files</Filter>
    </ClCompile>
    <ClCompile Include="src\Updater.cpp">
      <Filter>Source Files</Filter>
    </ClCompile>
    <ClCompile Include="src\Window.cpp">
      <Filter>Source Files</Filter>
    </ClCompile>
    <ClCompile Include="src\xml\XMLRead.cpp">
      <Filter>Source Files\xml</Filter>
    </ClCompile>
    <ClCompile Include="src\SceneManager.cpp">
      <Filter>Source Files\Entity</Filter>
    </ClCompile>
    <ClCompile Include="src\NodeParser.cpp">
      <Filter>Source Files\xml</Filter>
    </ClCompile>
    <ClCompile Include="src\Camera\iCameraBase.cpp">
      <Filter>Source Files\Entity\Camera</Filter>
    </ClCompile>
    <ClCompile Include="src\ActorWater.cpp">
      <Filter>Source Files\Entity</Filter>
    </ClCompile>
    <ClCompile Include="src\ActorVegetation.cpp">
      <Filter>Source Files\Entity</Filter>
    </ClCompile>
    <ClCompile Include="src\ActorSkyPlane.cpp">
      <Filter>Source Files\Entity</Filter>
    </ClCompile>
    <ClCompile Include="src\ActorSkyDome.cpp">
      <Filter>Source Files\Entity</Filter>
    </ClCompile>
    <ClCompile Include="src\ActorMesh.cpp">
      <Filter>Source Files\Entity</Filter>
    </ClCompile>
    <ClCompile Include="src\ActorDynamicSky.cpp">
      <Filter>Source Files\Entity</Filter>
    </ClCompile>
    <ClCompile Include="src\world\Actor.cpp">
      <Filter>Source Files\Entity</Filter>
    </ClCompile>
    <ClCompile Include="src\ActorLight.cpp">
      <Filter>Source Files\Entity</Filter>
    </ClCompile>
    <ClCompile Include="src\ActorSkyBox.cpp">
      <Filter>Source Files\Entity</Filter>
    </ClCompile>
    <ClCompile Include="src\Camera\CameraFPS.cpp">
      <Filter>Source Files\Entity\Camera</Filter>
    </ClCompile>
    <ClCompile Include="src\camera\CameraFree.cpp">
      <Filter>Source Files\Entity\Camera</Filter>
    </ClCompile>
    <ClCompile Include="src\Camera\CCSCameraControlSystem.cpp">
      <Filter>Source Files\Entity\Camera</Filter>
    </ClCompile>
    <ClCompile Include="src\Camera\CCSFreeCameraMode.cpp">
      <Filter>Source Files\Entity\Camera</Filter>
    </ClCompile>
    <ClCompile Include="src\APIEngineCommands.cpp">
      <Filter>Source Files\API</Filter>
    </ClCompile>
    <ClCompile Include="src\EmitterParticle.cpp">
      <Filter>Source Files\Entity</Filter>
    </ClCompile>
    <ClCompile Include="src\EmitterSound.cpp">
      <Filter>Source Files\Entity</Filter>
    </ClCompile>
    <ClCompile Include="src\tinyxml\tinyxml.cpp">
      <Filter>Source Files\xml</Filter>
    </ClCompile>
    <ClCompile Include="src\tinyxml\tinyxmlerror.cpp">
      <Filter>Source Files\xml</Filter>
    </ClCompile>
    <ClCompile Include="src\tinyxml\tinyxmlparser.cpp">
      <Filter>Source Files\xml</Filter>
    </ClCompile>
    <ClCompile Include="src\ogremax\OgreMaxModel.cpp">
      <Filter>Source Files\xml</Filter>
    </ClCompile>
    <ClCompile Include="src\ogremax\OgreMaxScene.cpp">
      <Filter>Source Files\xml</Filter>
    </ClCompile>
    <ClCompile Include="src\ogremax\OgreMaxUtilities.cpp">
      <Filter>Source Files\xml</Filter>
    </ClCompile>
    <ClCompile Include="src\ogremax\ProgressCalculator.cpp">
      <Filter>Source Files\xml</Filter>
    </ClCompile>
    <ClCompile Include="src\ogremax\Version.cpp">
      <Filter>Source Files\xml</Filter>
    </ClCompile>
  </ItemGroup>
</Project>