Microsoft Visual Studio Solution File, Format Version 12.00
# Visual Studio 2013
VisualStudioVersion = 12.0.31101.0
MinimumVisualStudioVersion = 10.0.40219.1
Project("{2150E333-8FDC-42A3-9474-1A3956D46DE8}") = "externals", "externals", "{1E086059-6788-4F71-B6E5-482619BAB36C}"
EndProject
Project("{2150E333-8FDC-42A3-9474-1A3956D46DE8}") = "Vega", "Vega", "{E858CDD9-FB01-46F3-91BD-57AB3FCB65FC}"
EndProject
Project("{2150E333-8FDC-42A3-9474-1A3956D46DE8}") = "Audio Subsystems", "Audio Subsystems", "{77915E95-EFC2-49E2-BB7D-FFA3F5A7C781}"
EndProject
Project("{2150E333-8FDC-42A3-9474-1A3956D46DE8}") = "Physics Subsystems", "Physics Subsystems", "{9668361B-68A7-4AF5-BEC1-81C9B0083EE9}"
EndProject
Project("{2150E333-8FDC-42A3-9474-1A3956D46DE8}") = "GameDll", "GameDll", "{72284465-3D78-49CD-AE8F-D61635B44533}"
EndProject
Project("{8BC9CEB8-8B4A-11D0-8D11-00A0C91BC942}") = "launcher", "launcher\launcher.vcxproj", "{FBDF476F-DED0-49F6-A716-54954E03DD39}"
EndProject
Project("{8BC9CEB8-8B4A-11D0-8D11-00A0C91BC942}") = "platform", "platform\platform.vcxproj", "{069DB063-0A5A-4CD6-A0B5-33053F328270}"
EndProject
Project("{8BC9CEB8-8B4A-11D0-8D11-00A0C91BC942}") = "Core", "Core\Core.vcxproj", "{98923DE1-AE6E-48F9-8BB4-CD92B30DCCAC}"
EndProject
Project("{8BC9CEB8-8B4A-11D0-8D11-00A0C91BC942}") = "engine", "Engine\engine.vcxproj", "{882F047C-66AA-4CB9-8B2B-3CF45D0EAA43}"
EndProject
Project("{8BC9CEB8-8B4A-11D0-8D11-00A0C91BC942}") = "AI", "AI\AI.vcxproj", "{4B67E249-5319-4ED5-A77B-6AAFEEC6EC85}"
EndProject
Project("{8BC9CEB8-8B4A-11D0-8D11-00A0C91BC942}") = "GameDll", "Game\Game.vcxproj", "{DF2C5EA7-0E64-425F-9A17-0EB674B417E5}"
EndProject
Project("{8BC9CEB8-8B4A-11D0-8D11-00A0C91BC942}") = "Common", "Common\Common.vcxproj", "{86D80FFC-F25E-40F5-891B-00CB17257278}"
EndProject
Project("{8BC9CEB8-8B4A-11D0-8D11-00A0C91BC942}") = "Render", "Render\Render.vcxproj", "{1115C3EF-7DAA-4FEA-B837-6E80C94216BC}"
EndProject
Project("{8BC9CEB8-8B4A-11D0-8D11-00A0C91BC942}") = "AudioAL", "AudioAL\AudioAL.vcxproj", "{63E674DA-E000-4C00-8956-F25AF29366B1}"
EndProject
Project("{8BC9CEB8-8B4A-11D0-8D11-00A0C91BC942}") = "SkyX", "SkyX\SkyX.vcxproj", "{6D9E40E5-CB71-4332-8D96-FF24518C5E68}"
EndProject
Project("{8BC9CEB8-8B4A-11D0-8D11-00A0C91BC942}") = "Scripts", "..\..\Binaries\Game\ScriptsProj\Scripts.vcxproj", "{920157C7-7345-471E-879D-98A57CA9161B}"
EndProject
Project("{8BC9CEB8-8B4A-11D0-8D11-00A0C91BC942}") = "BulletPhysics", "BulletPhysics\BulletPhysics.vcxproj", "{6A281BA9-5C0E-4595-B1A7-792DCF5D2558}"
EndProject
Project("{FAE04EC0-301F-11D3-BF4B-00C04F79EFBC}") = "Launcher", "..\Tools\Launcher\Launcher.csproj", "{28F9DD26-7A2E-4ED2-BD01-BDF9CD00B7B2}"
EndProject
Project("{2150E333-8FDC-42A3-9474-1A3956D46DE8}") = "Tools", "Tools", "{FCBFC84D-85AF-41EA-B514-C59CAF728847}"
EndProject
Project("{8BC9CEB8-8B4A-11D0-8D11-00A0C91BC942}") = "Hydrax", "Hydrax\Hydrax.vcxproj", "{5506C2AB-7DD1-47BB-A77D-EB26E52BE41C}"
EndProject
Project("{8BC9CEB8-8B4A-11D0-8D11-00A0C91BC942}") = "ResourceCompiler", "..\Tools\ResourceCompiler\ResourceCompiler.vcxproj", "{2F21D2A8-925B-4A73-A32B-D111580614C3}"
EndProject
Project("{8BC9CEB8-8B4A-11D0-8D11-00A0C91BC942}") = "VegaEd", "..\editor\build\xgEditor.vcxproj", "{DFB263AB-EA17-4133-818A-62C077C5BFDA}"
EndProject
Project("{8BC9CEB8-8B4A-11D0-8D11-00A0C91BC942}") = "cgSys", "..\editor\build\cgSys.vcxproj", "{CBE6F841-6861-4631-A148-126545E6DDBC}"
EndProject
Project("{8BC9CEB8-8B4A-11D0-8D11-00A0C91BC942}") = "EditorPublic", "..\editor\build\xgpublic.vcxproj", "{C3DBFA0A-8576-47E3-85B4-39B6BEA5AA1C}"
EndProject
Project("{2150E333-8FDC-42A3-9474-1A3956D46DE8}") = "Editor", "Editor", "{E8B3D5B7-1288-469D-8736-83B8CB422AEC}"
EndProject
Global
	GlobalSection(SolutionConfigurationPlatforms) = preSolution
		Debug|Tegra-Android = Debug|Tegra-Android
		Debug|Win32 = Debug|Win32
		Debug|x64 = Debug|x64
		Hybrid|Tegra-Android = Hybrid|Tegra-Android
		Hybrid|Win32 = Hybrid|Win32
		Hybrid|x64 = Hybrid|x64
		Release|Tegra-Android = Release|Tegra-Android
		Release|Win32 = Release|Win32
		Release|x64 = Release|x64
	EndGlobalSection
	GlobalSection(ProjectConfigurationPlatforms) = postSolution
		{FBDF476F-DED0-49F6-A716-54954E03DD39}.Debug|Tegra-Android.ActiveCfg = Debug|Win32
		{FBDF476F-DED0-49F6-A716-54954E03DD39}.Debug|Win32.ActiveCfg = Debug|Win32
		{FBDF476F-DED0-49F6-A716-54954E03DD39}.Debug|Win32.Build.0 = Debug|Win32
		{FBDF476F-DED0-49F6-A716-54954E03DD39}.Debug|x64.ActiveCfg = Debug|x64
		{FBDF476F-DED0-49F6-A716-54954E03DD39}.Debug|x64.Build.0 = Debug|x64
		{FBDF476F-DED0-49F6-A716-54954E03DD39}.Hybrid|Tegra-Android.ActiveCfg = Release|Win32
		{FBDF476F-DED0-49F6-A716-54954E03DD39}.Hybrid|Win32.ActiveCfg = Release|Win32
		{FBDF476F-DED0-49F6-A716-54954E03DD39}.Hybrid|Win32.Build.0 = Release|Win32
		{FBDF476F-DED0-49F6-A716-54954E03DD39}.Hybrid|x64.ActiveCfg = Release|x64
		{FBDF476F-DED0-49F6-A716-54954E03DD39}.Hybrid|x64.Build.0 = Release|x64
		{FBDF476F-DED0-49F6-A716-54954E03DD39}.Release|Tegra-Android.ActiveCfg = Release|Win32
		{FBDF476F-DED0-49F6-A716-54954E03DD39}.Release|Win32.ActiveCfg = Release|Win32
		{FBDF476F-DED0-49F6-A716-54954E03DD39}.Release|Win32.Build.0 = Release|Win32
		{FBDF476F-DED0-49F6-A716-54954E03DD39}.Release|x64.ActiveCfg = Release|x64
		{FBDF476F-DED0-49F6-A716-54954E03DD39}.Release|x64.Build.0 = Release|x64
		{069DB063-0A5A-4CD6-A0B5-33053F328270}.Debug|Tegra-Android.ActiveCfg = Debug|Win32
		{069DB063-0A5A-4CD6-A0B5-33053F328270}.Debug|Win32.ActiveCfg = Debug|Win32
		{069DB063-0A5A-4CD6-A0B5-33053F328270}.Debug|Win32.Build.0 = Debug|Win32
		{069DB063-0A5A-4CD6-A0B5-33053F328270}.Debug|x64.ActiveCfg = Debug|x64
		{069DB063-0A5A-4CD6-A0B5-33053F328270}.Debug|x64.Build.0 = Debug|x64
		{069DB063-0A5A-4CD6-A0B5-33053F328270}.Hybrid|Tegra-Android.ActiveCfg = Release|Win32
		{069DB063-0A5A-4CD6-A0B5-33053F328270}.Hybrid|Win32.ActiveCfg = Release|Win32
		{069DB063-0A5A-4CD6-A0B5-33053F328270}.Hybrid|Win32.Build.0 = Release|Win32
		{069DB063-0A5A-4CD6-A0B5-33053F328270}.Hybrid|x64.ActiveCfg = Release|x64
		{069DB063-0A5A-4CD6-A0B5-33053F328270}.Hybrid|x64.Build.0 = Release|x64
		{069DB063-0A5A-4CD6-A0B5-33053F328270}.Release|Tegra-Android.ActiveCfg = Release|Win32
		{069DB063-0A5A-4CD6-A0B5-33053F328270}.Release|Win32.ActiveCfg = Release|Win32
		{069DB063-0A5A-4CD6-A0B5-33053F328270}.Release|Win32.Build.0 = Release|Win32
		{069DB063-0A5A-4CD6-A0B5-33053F328270}.Release|x64.ActiveCfg = Release|x64
		{069DB063-0A5A-4CD6-A0B5-33053F328270}.Release|x64.Build.0 = Release|x64
		{98923DE1-AE6E-48F9-8BB4-CD92B30DCCAC}.Debug|Tegra-Android.ActiveCfg = Debug|Win32
		{98923DE1-AE6E-48F9-8BB4-CD92B30DCCAC}.Debug|Win32.ActiveCfg = Debug|Win32
		{98923DE1-AE6E-48F9-8BB4-CD92B30DCCAC}.Debug|Win32.Build.0 = Debug|Win32
		{98923DE1-AE6E-48F9-8BB4-CD92B30DCCAC}.Debug|x64.ActiveCfg = Debug|x64
		{98923DE1-AE6E-48F9-8BB4-CD92B30DCCAC}.Debug|x64.Build.0 = Debug|x64
		{98923DE1-AE6E-48F9-8BB4-CD92B30DCCAC}.Hybrid|Tegra-Android.ActiveCfg = Release|Win32
		{98923DE1-AE6E-48F9-8BB4-CD92B30DCCAC}.Hybrid|Win32.ActiveCfg = Release|Win32
		{98923DE1-AE6E-48F9-8BB4-CD92B30DCCAC}.Hybrid|Win32.Build.0 = Release|Win32
		{98923DE1-AE6E-48F9-8BB4-CD92B30DCCAC}.Hybrid|x64.ActiveCfg = Release|x64
		{98923DE1-AE6E-48F9-8BB4-CD92B30DCCAC}.Hybrid|x64.Build.0 = Release|x64
		{98923DE1-AE6E-48F9-8BB4-CD92B30DCCAC}.Release|Tegra-Android.ActiveCfg = Release|Win32
		{98923DE1-AE6E-48F9-8BB4-CD92B30DCCAC}.Release|Win32.ActiveCfg = Release|Win32
		{98923DE1-AE6E-48F9-8BB4-CD92B30DCCAC}.Release|Win32.Build.0 = Release|Win32
		{98923DE1-AE6E-48F9-8BB4-CD92B30DCCAC}.Release|x64.ActiveCfg = Release|x64
		{98923DE1-AE6E-48F9-8BB4-CD92B30DCCAC}.Release|x64.Build.0 = Release|x64
		{882F047C-66AA-4CB9-8B2B-3CF45D0EAA43}.Debug|Tegra-Android.ActiveCfg = Debug|Win32
		{882F047C-66AA-4CB9-8B2B-3CF45D0EAA43}.Debug|Win32.ActiveCfg = Debug|Win32
		{882F047C-66AA-4CB9-8B2B-3CF45D0EAA43}.Debug|Win32.Build.0 = Debug|Win32
		{882F047C-66AA-4CB9-8B2B-3CF45D0EAA43}.Debug|x64.ActiveCfg = Debug|x64
		{882F047C-66AA-4CB9-8B2B-3CF45D0EAA43}.Debug|x64.Build.0 = Debug|x64
		{882F047C-66AA-4CB9-8B2B-3CF45D0EAA43}.Hybrid|Tegra-Android.ActiveCfg = Release|Win32
		{882F047C-66AA-4CB9-8B2B-3CF45D0EAA43}.Hybrid|Win32.ActiveCfg = Release|Win32
		{882F047C-66AA-4CB9-8B2B-3CF45D0EAA43}.Hybrid|Win32.Build.0 = Release|Win32
		{882F047C-66AA-4CB9-8B2B-3CF45D0EAA43}.Hybrid|x64.ActiveCfg = Release|x64
		{882F047C-66AA-4CB9-8B2B-3CF45D0EAA43}.Hybrid|x64.Build.0 = Release|x64
		{882F047C-66AA-4CB9-8B2B-3CF45D0EAA43}.Release|Tegra-Android.ActiveCfg = Release|Win32
		{882F047C-66AA-4CB9-8B2B-3CF45D0EAA43}.Release|Win32.ActiveCfg = Release|Win32
		{882F047C-66AA-4CB9-8B2B-3CF45D0EAA43}.Release|Win32.Build.0 = Release|Win32
		{882F047C-66AA-4CB9-8B2B-3CF45D0EAA43}.Release|x64.ActiveCfg = Release|x64
		{882F047C-66AA-4CB9-8B2B-3CF45D0EAA43}.Release|x64.Build.0 = Release|x64
		{4B67E249-5319-4ED5-A77B-6AAFEEC6EC85}.Debug|Tegra-Android.ActiveCfg = Debug|Win32
		{4B67E249-5319-4ED5-A77B-6AAFEEC6EC85}.Debug|Win32.ActiveCfg = Debug|Win32
		{4B67E249-5319-4ED5-A77B-6AAFEEC6EC85}.Debug|Win32.Build.0 = Debug|Win32
		{4B67E249-5319-4ED5-A77B-6AAFEEC6EC85}.Debug|x64.ActiveCfg = Debug|x64
		{4B67E249-5319-4ED5-A77B-6AAFEEC6EC85}.Debug|x64.Build.0 = Debug|x64
		{4B67E249-5319-4ED5-A77B-6AAFEEC6EC85}.Hybrid|Tegra-Android.ActiveCfg = Release|Win32
		{4B67E249-5319-4ED5-A77B-6AAFEEC6EC85}.Hybrid|Win32.ActiveCfg = Release|Win32
		{4B67E249-5319-4ED5-A77B-6AAFEEC6EC85}.Hybrid|Win32.Build.0 = Release|Win32
		{4B67E249-5319-4ED5-A77B-6AAFEEC6EC85}.Hybrid|x64.ActiveCfg = Release|x64
		{4B67E249-5319-4ED5-A77B-6AAFEEC6EC85}.Hybrid|x64.Build.0 = Release|x64
		{4B67E249-5319-4ED5-A77B-6AAFEEC6EC85}.Release|Tegra-Android.ActiveCfg = Release|Win32
		{4B67E249-5319-4ED5-A77B-6AAFEEC6EC85}.Release|Win32.ActiveCfg = Release|Win32
		{4B67E249-5319-4ED5-A77B-6AAFEEC6EC85}.Release|Win32.Build.0 = Release|Win32
		{4B67E249-5319-4ED5-A77B-6AAFEEC6EC85}.Release|x64.ActiveCfg = Release|x64
		{4B67E249-5319-4ED5-A77B-6AAFEEC6EC85}.Release|x64.Build.0 = Release|x64
		{DF2C5EA7-0E64-425F-9A17-0EB674B417E5}.Debug|Tegra-Android.ActiveCfg = Debug|Win32
		{DF2C5EA7-0E64-425F-9A17-0EB674B417E5}.Debug|Win32.ActiveCfg = Debug|Win32
		{DF2C5EA7-0E64-425F-9A17-0EB674B417E5}.Debug|Win32.Build.0 = Debug|Win32
		{DF2C5EA7-0E64-425F-9A17-0EB674B417E5}.Debug|x64.ActiveCfg = Debug|x64
		{DF2C5EA7-0E64-425F-9A17-0EB674B417E5}.Debug|x64.Build.0 = Debug|x64
		{DF2C5EA7-0E64-425F-9A17-0EB674B417E5}.Hybrid|Tegra-Android.ActiveCfg = Release|Win32
		{DF2C5EA7-0E64-425F-9A17-0EB674B417E5}.Hybrid|Win32.ActiveCfg = Release|Win32
		{DF2C5EA7-0E64-425F-9A17-0EB674B417E5}.Hybrid|Win32.Build.0 = Release|Win32
		{DF2C5EA7-0E64-425F-9A17-0EB674B417E5}.Hybrid|x64.ActiveCfg = Release|x64
		{DF2C5EA7-0E64-425F-9A17-0EB674B417E5}.Hybrid|x64.Build.0 = Release|x64
		{DF2C5EA7-0E64-425F-9A17-0EB674B417E5}.Release|Tegra-Android.ActiveCfg = Release|Win32
		{DF2C5EA7-0E64-425F-9A17-0EB674B417E5}.Release|Win32.ActiveCfg = Release|Win32
		{DF2C5EA7-0E64-425F-9A17-0EB674B417E5}.Release|Win32.Build.0 = Release|Win32
		{DF2C5EA7-0E64-425F-9A17-0EB674B417E5}.Release|x64.ActiveCfg = Release|x64
		{DF2C5EA7-0E64-425F-9A17-0EB674B417E5}.Release|x64.Build.0 = Release|x64
		{86D80FFC-F25E-40F5-891B-00CB17257278}.Debug|Tegra-Android.ActiveCfg = Debug|Win32
		{86D80FFC-F25E-40F5-891B-00CB17257278}.Debug|Win32.ActiveCfg = Debug|Win32
		{86D80FFC-F25E-40F5-891B-00CB17257278}.Debug|Win32.Build.0 = Debug|Win32
		{86D80FFC-F25E-40F5-891B-00CB17257278}.Debug|x64.ActiveCfg = Debug|x64
		{86D80FFC-F25E-40F5-891B-00CB17257278}.Debug|x64.Build.0 = Debug|x64
		{86D80FFC-F25E-40F5-891B-00CB17257278}.Hybrid|Tegra-Android.ActiveCfg = Release|Win32
		{86D80FFC-F25E-40F5-891B-00CB17257278}.Hybrid|Win32.ActiveCfg = Release|Win32
		{86D80FFC-F25E-40F5-891B-00CB17257278}.Hybrid|Win32.Build.0 = Release|Win32
		{86D80FFC-F25E-40F5-891B-00CB17257278}.Hybrid|x64.ActiveCfg = Release|x64
		{86D80FFC-F25E-40F5-891B-00CB17257278}.Hybrid|x64.Build.0 = Release|x64
		{86D80FFC-F25E-40F5-891B-00CB17257278}.Release|Tegra-Android.ActiveCfg = Release|Win32
		{86D80FFC-F25E-40F5-891B-00CB17257278}.Release|Win32.ActiveCfg = Release|Win32
		{86D80FFC-F25E-40F5-891B-00CB17257278}.Release|Win32.Build.0 = Release|Win32
		{86D80FFC-F25E-40F5-891B-00CB17257278}.Release|x64.ActiveCfg = Release|x64
		{86D80FFC-F25E-40F5-891B-00CB17257278}.Release|x64.Build.0 = Release|x64
		{1115C3EF-7DAA-4FEA-B837-6E80C94216BC}.Debug|Tegra-Android.ActiveCfg = Debug|Win32
		{1115C3EF-7DAA-4FEA-B837-6E80C94216BC}.Debug|Win32.ActiveCfg = Debug|Win32
		{1115C3EF-7DAA-4FEA-B837-6E80C94216BC}.Debug|Win32.Build.0 = Debug|Win32
		{1115C3EF-7DAA-4FEA-B837-6E80C94216BC}.Debug|x64.ActiveCfg = Debug|x64
		{1115C3EF-7DAA-4FEA-B837-6E80C94216BC}.Debug|x64.Build.0 = Debug|x64
		{1115C3EF-7DAA-4FEA-B837-6E80C94216BC}.Hybrid|Tegra-Android.ActiveCfg = Release|Win32
		{1115C3EF-7DAA-4FEA-B837-6E80C94216BC}.Hybrid|Win32.ActiveCfg = Release|Win32
		{1115C3EF-7DAA-4FEA-B837-6E80C94216BC}.Hybrid|Win32.Build.0 = Release|Win32
		{1115C3EF-7DAA-4FEA-B837-6E80C94216BC}.Hybrid|x64.ActiveCfg = Release|x64
		{1115C3EF-7DAA-4FEA-B837-6E80C94216BC}.Hybrid|x64.Build.0 = Release|x64
		{1115C3EF-7DAA-4FEA-B837-6E80C94216BC}.Release|Tegra-Android.ActiveCfg = Release|Win32
		{1115C3EF-7DAA-4FEA-B837-6E80C94216BC}.Release|Win32.ActiveCfg = Release|Win32
		{1115C3EF-7DAA-4FEA-B837-6E80C94216BC}.Release|Win32.Build.0 = Release|Win32
		{1115C3EF-7DAA-4FEA-B837-6E80C94216BC}.Release|x64.ActiveCfg = Release|x64
		{1115C3EF-7DAA-4FEA-B837-6E80C94216BC}.Release|x64.Build.0 = Release|x64
		{63E674DA-E000-4C00-8956-F25AF29366B1}.Debug|Tegra-Android.ActiveCfg = Debug|Win32
		{63E674DA-E000-4C00-8956-F25AF29366B1}.Debug|Win32.ActiveCfg = Debug|Win32
		{63E674DA-E000-4C00-8956-F25AF29366B1}.Debug|Win32.Build.0 = Debug|Win32
		{63E674DA-E000-4C00-8956-F25AF29366B1}.Debug|x64.ActiveCfg = Debug|x64
		{63E674DA-E000-4C00-8956-F25AF29366B1}.Debug|x64.Build.0 = Debug|x64
		{63E674DA-E000-4C00-8956-F25AF29366B1}.Hybrid|Tegra-Android.ActiveCfg = Release|Win32
		{63E674DA-E000-4C00-8956-F25AF29366B1}.Hybrid|Win32.ActiveCfg = Release|Win32
		{63E674DA-E000-4C00-8956-F25AF29366B1}.Hybrid|Win32.Build.0 = Release|Win32
		{63E674DA-E000-4C00-8956-F25AF29366B1}.Hybrid|x64.ActiveCfg = Release|x64
		{63E674DA-E000-4C00-8956-F25AF29366B1}.Hybrid|x64.Build.0 = Release|x64
		{63E674DA-E000-4C00-8956-F25AF29366B1}.Release|Tegra-Android.ActiveCfg = Release|Win32
		{63E674DA-E000-4C00-8956-F25AF29366B1}.Release|Win32.ActiveCfg = Release|Win32
		{63E674DA-E000-4C00-8956-F25AF29366B1}.Release|Win32.Build.0 = Release|Win32
		{63E674DA-E000-4C00-8956-F25AF29366B1}.Release|x64.ActiveCfg = Release|x64
		{63E674DA-E000-4C00-8956-F25AF29366B1}.Release|x64.Build.0 = Release|x64
		{6D9E40E5-CB71-4332-8D96-FF24518C5E68}.Debug|Tegra-Android.ActiveCfg = Debug|Win32
		{6D9E40E5-CB71-4332-8D96-FF24518C5E68}.Debug|Win32.ActiveCfg = Debug|Win32
		{6D9E40E5-CB71-4332-8D96-FF24518C5E68}.Debug|Win32.Build.0 = Debug|Win32
		{6D9E40E5-CB71-4332-8D96-FF24518C5E68}.Debug|x64.ActiveCfg = Debug|x64
		{6D9E40E5-CB71-4332-8D96-FF24518C5E68}.Debug|x64.Build.0 = Debug|x64
		{6D9E40E5-CB71-4332-8D96-FF24518C5E68}.Hybrid|Tegra-Android.ActiveCfg = Release|Win32
		{6D9E40E5-CB71-4332-8D96-FF24518C5E68}.Hybrid|Win32.ActiveCfg = Release|Win32
		{6D9E40E5-CB71-4332-8D96-FF24518C5E68}.Hybrid|Win32.Build.0 = Release|Win32
		{6D9E40E5-CB71-4332-8D96-FF24518C5E68}.Hybrid|x64.ActiveCfg = Release|x64
		{6D9E40E5-CB71-4332-8D96-FF24518C5E68}.Hybrid|x64.Build.0 = Release|x64
		{6D9E40E5-CB71-4332-8D96-FF24518C5E68}.Release|Tegra-Android.ActiveCfg = Release|Win32
		{6D9E40E5-CB71-4332-8D96-FF24518C5E68}.Release|Win32.ActiveCfg = Release|Win32
		{6D9E40E5-CB71-4332-8D96-FF24518C5E68}.Release|Win32.Build.0 = Release|Win32
		{6D9E40E5-CB71-4332-8D96-FF24518C5E68}.Release|x64.ActiveCfg = Release|x64
		{6D9E40E5-CB71-4332-8D96-FF24518C5E68}.Release|x64.Build.0 = Release|x64
		{920157C7-7345-471E-879D-98A57CA9161B}.Debug|Tegra-Android.ActiveCfg = Debug|Win32
		{920157C7-7345-471E-879D-98A57CA9161B}.Debug|Win32.ActiveCfg = Debug|Win32
		{920157C7-7345-471E-879D-98A57CA9161B}.Debug|Win32.Build.0 = Debug|Win32
		{920157C7-7345-471E-879D-98A57CA9161B}.Debug|x64.ActiveCfg = Debug|Win32
		{920157C7-7345-471E-879D-98A57CA9161B}.Hybrid|Tegra-Android.ActiveCfg = Release|Win32
		{920157C7-7345-471E-879D-98A57CA9161B}.Hybrid|Win32.ActiveCfg = Release|Win32
		{920157C7-7345-471E-879D-98A57CA9161B}.Hybrid|Win32.Build.0 = Release|Win32
		{920157C7-7345-471E-879D-98A57CA9161B}.Hybrid|x64.ActiveCfg = Release|Win32
		{920157C7-7345-471E-879D-98A57CA9161B}.Release|Tegra-Android.ActiveCfg = Release|Win32
		{920157C7-7345-471E-879D-98A57CA9161B}.Release|Win32.ActiveCfg = Release|Win32
		{920157C7-7345-471E-879D-98A57CA9161B}.Release|Win32.Build.0 = Release|Win32
		{920157C7-7345-471E-879D-98A57CA9161B}.Release|x64.ActiveCfg = Release|Win32
		{6A281BA9-5C0E-4595-B1A7-792DCF5D2558}.Debug|Tegra-Android.ActiveCfg = Debug|Win32
		{6A281BA9-5C0E-4595-B1A7-792DCF5D2558}.Debug|Win32.ActiveCfg = Debug|Win32
		{6A281BA9-5C0E-4595-B1A7-792DCF5D2558}.Debug|Win32.Build.0 = Debug|Win32
		{6A281BA9-5C0E-4595-B1A7-792DCF5D2558}.Debug|x64.ActiveCfg = Debug|x64
		{6A281BA9-5C0E-4595-B1A7-792DCF5D2558}.Debug|x64.Build.0 = Debug|x64
		{6A281BA9-5C0E-4595-B1A7-792DCF5D2558}.Hybrid|Tegra-Android.ActiveCfg = Release|Win32
		{6A281BA9-5C0E-4595-B1A7-792DCF5D2558}.Hybrid|Win32.ActiveCfg = Release|Win32
		{6A281BA9-5C0E-4595-B1A7-792DCF5D2558}.Hybrid|Win32.Build.0 = Release|Win32
		{6A281BA9-5C0E-4595-B1A7-792DCF5D2558}.Hybrid|x64.ActiveCfg = Release|x64
		{6A281BA9-5C0E-4595-B1A7-792DCF5D2558}.Hybrid|x64.Build.0 = Release|x64
		{6A281BA9-5C0E-4595-B1A7-792DCF5D2558}.Release|Tegra-Android.ActiveCfg = Release|Win32
		{6A281BA9-5C0E-4595-B1A7-792DCF5D2558}.Release|Win32.ActiveCfg = Release|Win32
		{6A281BA9-5C0E-4595-B1A7-792DCF5D2558}.Release|Win32.Build.0 = Release|Win32
		{6A281BA9-5C0E-4595-B1A7-792DCF5D2558}.Release|x64.ActiveCfg = Release|x64
		{6A281BA9-5C0E-4595-B1A7-792DCF5D2558}.Release|x64.Build.0 = Release|x64
		{28F9DD26-7A2E-4ED2-BD01-BDF9CD00B7B2}.Debug|Tegra-Android.ActiveCfg = Debug|Any CPU
		{28F9DD26-7A2E-4ED2-BD01-BDF9CD00B7B2}.Debug|Win32.ActiveCfg = Debug|Any CPU
		{28F9DD26-7A2E-4ED2-BD01-BDF9CD00B7B2}.Debug|Win32.Build.0 = Debug|Any CPU
		{28F9DD26-7A2E-4ED2-BD01-BDF9CD00B7B2}.Debug|x64.ActiveCfg = Debug|Any CPU
		{28F9DD26-7A2E-4ED2-BD01-BDF9CD00B7B2}.Hybrid|Tegra-Android.ActiveCfg = Release|Any CPU
		{28F9DD26-7A2E-4ED2-BD01-BDF9CD00B7B2}.Hybrid|Win32.ActiveCfg = Release|Any CPU
		{28F9DD26-7A2E-4ED2-BD01-BDF9CD00B7B2}.Hybrid|x64.ActiveCfg = Release|Any CPU
		{28F9DD26-7A2E-4ED2-BD01-BDF9CD00B7B2}.Release|Tegra-Android.ActiveCfg = Release|Any CPU
		{28F9DD26-7A2E-4ED2-BD01-BDF9CD00B7B2}.Release|Win32.ActiveCfg = Release|Any CPU
		{28F9DD26-7A2E-4ED2-BD01-BDF9CD00B7B2}.Release|Win32.Build.0 = Release|Any CPU
		{28F9DD26-7A2E-4ED2-BD01-BDF9CD00B7B2}.Release|x64.ActiveCfg = Release|Any CPU
		{28F9DD26-7A2E-4ED2-BD01-BDF9CD00B7B2}.Release|x64.Build.0 = Release|Any CPU
		{5506C2AB-7DD1-47BB-A77D-EB26E52BE41C}.Debug|Tegra-Android.ActiveCfg = Debug|Win32
		{5506C2AB-7DD1-47BB-A77D-EB26E52BE41C}.Debug|Win32.ActiveCfg = Debug|Win32
		{5506C2AB-7DD1-47BB-A77D-EB26E52BE41C}.Debug|Win32.Build.0 = Debug|Win32
		{5506C2AB-7DD1-47BB-A77D-EB26E52BE41C}.Debug|x64.ActiveCfg = Debug|x64
		{5506C2AB-7DD1-47BB-A77D-EB26E52BE41C}.Debug|x64.Build.0 = Debug|x64
		{5506C2AB-7DD1-47BB-A77D-EB26E52BE41C}.Hybrid|Tegra-Android.ActiveCfg = Release|Win32
		{5506C2AB-7DD1-47BB-A77D-EB26E52BE41C}.Hybrid|Win32.ActiveCfg = Release|Win32
		{5506C2AB-7DD1-47BB-A77D-EB26E52BE41C}.Hybrid|Win32.Build.0 = Release|Win32
		{5506C2AB-7DD1-47BB-A77D-EB26E52BE41C}.Hybrid|x64.ActiveCfg = Release|x64
		{5506C2AB-7DD1-47BB-A77D-EB26E52BE41C}.Hybrid|x64.Build.0 = Release|x64
		{5506C2AB-7DD1-47BB-A77D-EB26E52BE41C}.Release|Tegra-Android.ActiveCfg = Release|Win32
		{5506C2AB-7DD1-47BB-A77D-EB26E52BE41C}.Release|Win32.ActiveCfg = Release|Win32
		{5506C2AB-7DD1-47BB-A77D-EB26E52BE41C}.Release|Win32.Build.0 = Release|Win32
		{5506C2AB-7DD1-47BB-A77D-EB26E52BE41C}.Release|x64.ActiveCfg = Release|x64
		{5506C2AB-7DD1-47BB-A77D-EB26E52BE41C}.Release|x64.Build.0 = Release|x64
		{2F21D2A8-925B-4A73-A32B-D111580614C3}.Debug|Tegra-Android.ActiveCfg = Debug|Win32
		{2F21D2A8-925B-4A73-A32B-D111580614C3}.Debug|Win32.ActiveCfg = Debug|Win32
		{2F21D2A8-925B-4A73-A32B-D111580614C3}.Debug|Win32.Build.0 = Debug|Win32
		{2F21D2A8-925B-4A73-A32B-D111580614C3}.Debug|x64.ActiveCfg = Debug|Win32
		{2F21D2A8-925B-4A73-A32B-D111580614C3}.Hybrid|Tegra-Android.ActiveCfg = Release|Win32
		{2F21D2A8-925B-4A73-A32B-D111580614C3}.Hybrid|Win32.ActiveCfg = Release|Win32
		{2F21D2A8-925B-4A73-A32B-D111580614C3}.Hybrid|Win32.Build.0 = Release|Win32
		{2F21D2A8-925B-4A73-A32B-D111580614C3}.Hybrid|x64.ActiveCfg = Release|Win32
		{2F21D2A8-925B-4A73-A32B-D111580614C3}.Release|Tegra-Android.ActiveCfg = Release|Win32
		{2F21D2A8-925B-4A73-A32B-D111580614C3}.Release|Win32.ActiveCfg = Release|Win32
		{2F21D2A8-925B-4A73-A32B-D111580614C3}.Release|Win32.Build.0 = Release|Win32
		{2F21D2A8-925B-4A73-A32B-D111580614C3}.Release|x64.ActiveCfg = Release|x64
		{2F21D2A8-925B-4A73-A32B-D111580614C3}.Release|x64.Build.0 = Release|x64
		{DFB263AB-EA17-4133-818A-62C077C5BFDA}.Debug|Tegra-Android.ActiveCfg = Debug|Win32
		{DFB263AB-EA17-4133-818A-62C077C5BFDA}.Debug|Win32.ActiveCfg = Debug|Win32
		{DFB263AB-EA17-4133-818A-62C077C5BFDA}.Debug|Win32.Build.0 = Debug|Win32
		{DFB263AB-EA17-4133-818A-62C077C5BFDA}.Debug|x64.ActiveCfg = Debug|Win32
		{DFB263AB-EA17-4133-818A-62C077C5BFDA}.Hybrid|Tegra-Android.ActiveCfg = Release|Win32
		{DFB263AB-EA17-4133-818A-62C077C5BFDA}.Hybrid|Win32.ActiveCfg = Release|Win32
		{DFB263AB-EA17-4133-818A-62C077C5BFDA}.Hybrid|x64.ActiveCfg = Release|Win32
		{DFB263AB-EA17-4133-818A-62C077C5BFDA}.Release|Tegra-Android.ActiveCfg = Release|Win32
		{DFB263AB-EA17-4133-818A-62C077C5BFDA}.Release|Win32.ActiveCfg = Release|Win32
		{DFB263AB-EA17-4133-818A-62C077C5BFDA}.Release|Win32.Build.0 = Release|Win32
		{DFB263AB-EA17-4133-818A-62C077C5BFDA}.Release|x64.ActiveCfg = Release|x64
		{DFB263AB-EA17-4133-818A-62C077C5BFDA}.Release|x64.Build.0 = Release|x64
		{CBE6F841-6861-4631-A148-126545E6DDBC}.Debug|Tegra-Android.ActiveCfg = Debug|Win32
		{CBE6F841-6861-4631-A148-126545E6DDBC}.Debug|Win32.ActiveCfg = Debug|Win32
		{CBE6F841-6861-4631-A148-126545E6DDBC}.Debug|Win32.Build.0 = Debug|Win32
		{CBE6F841-6861-4631-A148-126545E6DDBC}.Debug|x64.ActiveCfg = Debug|Win32
		{CBE6F841-6861-4631-A148-126545E6DDBC}.Hybrid|Tegra-Android.ActiveCfg = Release|Win32
		{CBE6F841-6861-4631-A148-126545E6DDBC}.Hybrid|Win32.ActiveCfg = Release|Win32
		{CBE6F841-6861-4631-A148-126545E6DDBC}.Hybrid|x64.ActiveCfg = Release|Win32
		{CBE6F841-6861-4631-A148-126545E6DDBC}.Release|Tegra-Android.ActiveCfg = Release|Win32
		{CBE6F841-6861-4631-A148-126545E6DDBC}.Release|Win32.ActiveCfg = Release|Win32
		{CBE6F841-6861-4631-A148-126545E6DDBC}.Release|Win32.Build.0 = Release|Win32
		{CBE6F841-6861-4631-A148-126545E6DDBC}.Release|x64.ActiveCfg = Release|x64
		{CBE6F841-6861-4631-A148-126545E6DDBC}.Release|x64.Build.0 = Release|x64
		{C3DBFA0A-8576-47E3-85B4-39B6BEA5AA1C}.Debug|Tegra-Android.ActiveCfg = Debug|Win32
		{C3DBFA0A-8576-47E3-85B4-39B6BEA5AA1C}.Debug|Win32.ActiveCfg = Debug|Win32
		{C3DBFA0A-8576-47E3-85B4-39B6BEA5AA1C}.Debug|Win32.Build.0 = Debug|Win32
		{C3DBFA0A-8576-47E3-85B4-39B6BEA5AA1C}.Debug|x64.ActiveCfg = Debug|Win32
		{C3DBFA0A-8576-47E3-85B4-39B6BEA5AA1C}.Hybrid|Tegra-Android.ActiveCfg = Release|Win32
		{C3DBFA0A-8576-47E3-85B4-39B6BEA5AA1C}.Hybrid|Win32.ActiveCfg = Release|Win32
		{C3DBFA0A-8576-47E3-85B4-39B6BEA5AA1C}.Hybrid|Win32.Build.0 = Release|Win32
		{C3DBFA0A-8576-47E3-85B4-39B6BEA5AA1C}.Hybrid|x64.ActiveCfg = Release|Win32
		{C3DBFA0A-8576-47E3-85B4-39B6BEA5AA1C}.Release|Tegra-Android.ActiveCfg = Release|Win32
		{C3DBFA0A-8576-47E3-85B4-39B6BEA5AA1C}.Release|Win32.ActiveCfg = Release|Win32
		{C3DBFA0A-8576-47E3-85B4-39B6BEA5AA1C}.Release|Win32.Build.0 = Release|Win32
		{C3DBFA0A-8576-47E3-85B4-39B6BEA5AA1C}.Release|x64.ActiveCfg = Release|x64
		{C3DBFA0A-8576-47E3-85B4-39B6BEA5AA1C}.Release|x64.Build.0 = Release|x64
	EndGlobalSection
	GlobalSection(SolutionProperties) = preSolution
		HideSolutionNode = FALSE
	EndGlobalSection
	GlobalSection(NestedProjects) = preSolution
		{1E086059-6788-4F71-B6E5-482619BAB36C} = {E858CDD9-FB01-46F3-91BD-57AB3FCB65FC}
		{77915E95-EFC2-49E2-BB7D-FFA3F5A7C781} = {E858CDD9-FB01-46F3-91BD-57AB3FCB65FC}
		{9668361B-68A7-4AF5-BEC1-81C9B0083EE9} = {E858CDD9-FB01-46F3-91BD-57AB3FCB65FC}
		{FBDF476F-DED0-49F6-A716-54954E03DD39} = {E858CDD9-FB01-46F3-91BD-57AB3FCB65FC}
		{069DB063-0A5A-4CD6-A0B5-33053F328270} = {E858CDD9-FB01-46F3-91BD-57AB3FCB65FC}
		{98923DE1-AE6E-48F9-8BB4-CD92B30DCCAC} = {E858CDD9-FB01-46F3-91BD-57AB3FCB65FC}
		{882F047C-66AA-4CB9-8B2B-3CF45D0EAA43} = {E858CDD9-FB01-46F3-91BD-57AB3FCB65FC}
		{4B67E249-5319-4ED5-A77B-6AAFEEC6EC85} = {E858CDD9-FB01-46F3-91BD-57AB3FCB65FC}
		{DF2C5EA7-0E64-425F-9A17-0EB674B417E5} = {72284465-3D78-49CD-AE8F-D61635B44533}
		{86D80FFC-F25E-40F5-891B-00CB17257278} = {E858CDD9-FB01-46F3-91BD-57AB3FCB65FC}
		{1115C3EF-7DAA-4FEA-B837-6E80C94216BC} = {E858CDD9-FB01-46F3-91BD-57AB3FCB65FC}
		{63E674DA-E000-4C00-8956-F25AF29366B1} = {77915E95-EFC2-49E2-BB7D-FFA3F5A7C781}
		{6D9E40E5-CB71-4332-8D96-FF24518C5E68} = {1E086059-6788-4F71-B6E5-482619BAB36C}
		{920157C7-7345-471E-879D-98A57CA9161B} = {72284465-3D78-49CD-AE8F-D61635B44533}
		{6A281BA9-5C0E-4595-B1A7-792DCF5D2558} = {9668361B-68A7-4AF5-BEC1-81C9B0083EE9}
		{28F9DD26-7A2E-4ED2-BD01-BDF9CD00B7B2} = {FCBFC84D-85AF-41EA-B514-C59CAF728847}
		{5506C2AB-7DD1-47BB-A77D-EB26E52BE41C} = {1E086059-6788-4F71-B6E5-482619BAB36C}
		{2F21D2A8-925B-4A73-A32B-D111580614C3} = {FCBFC84D-85AF-41EA-B514-C59CAF728847}
		{DFB263AB-EA17-4133-818A-62C077C5BFDA} = {E8B3D5B7-1288-469D-8736-83B8CB422AEC}
		{CBE6F841-6861-4631-A148-126545E6DDBC} = {E8B3D5B7-1288-469D-8736-83B8CB422AEC}
		{C3DBFA0A-8576-47E3-85B4-39B6BEA5AA1C} = {E8B3D5B7-1288-469D-8736-83B8CB422AEC}
	EndGlobalSection
	GlobalSection(IntelOptPkgProperties) = preSolution
		LoadPackage = true
	EndGlobalSection
EndGlobal
