<?xml version="1.0" encoding="utf-8"?>
<Project ToolsVersion="4.0" xmlns="http://schemas.microsoft.com/developer/msbuild/2003">
  <ItemGroup>
    <Filter Include="Source Files">
      <UniqueIdentifier>{4FC737F1-C7A5-4376-A066-2A32D752A2FF}</UniqueIdentifier>
      <Extensions>cpp;c;cc;cxx;def;odl;idl;hpj;bat;asm;asmx</Extensions>
    </Filter>
    <Filter Include="Header Files">
      <UniqueIdentifier>{93995380-89BD-4b04-88EB-625FBE52EBFB}</UniqueIdentifier>
      <Extensions>h;hpp;hxx;hm;inl;inc;xsd</Extensions>
    </Filter>
    <Filter Include="Resource Files">
      <UniqueIdentifier>{67DA6AB6-F800-4c08-8B7A-83BB121AAD01}</UniqueIdentifier>
      <Extensions>rc;ico;cur;bmp;dlg;rc2;rct;bin;rgs;gif;jpg;jpeg;jpe;resx;tiff;tif;png;wav</Extensions>
    </Filter>
  </ItemGroup>
  <ItemGroup>
    <ClInclude Include="inc\OgreBulletCollisions.h">
      <Filter>Header Files</Filter>
    </ClInclude>
    <ClInclude Include="inc\OgreBulletCollisionsObject.h">
      <Filter>Header Files</Filter>
    </ClInclude>
    <ClInclude Include="inc\OgreBulletCollisionsObjectState.h">
      <Filter>Header Files</Filter>
    </ClInclude>
    <ClInclude Include="inc\OgreBulletCollisionsPreRequisites.h">
      <Filter>Header Files</Filter>
    </ClInclude>
    <ClInclude Include="inc\OgreBulletCollisionsRay.h">
      <Filter>Header Files</Filter>
    </ClInclude>
    <ClInclude Include="inc\OgreBulletCollisionsShape.h">
      <Filter>Header Files</Filter>
    </ClInclude>
    <ClInclude Include="inc\OgreBulletCollisionsWorld.h">
      <Filter>Header Files</Filter>
    </ClInclude>
    <ClInclude Include="inc\OgreBulletDynamics.h">
      <Filter>Header Files</Filter>
    </ClInclude>
    <ClInclude Include="inc\OgreBulletDynamicsConstraint.h">
      <Filter>Header Files</Filter>
    </ClInclude>
    <ClInclude Include="inc\OgreBulletDynamicsObjectState.h">
      <Filter>Header Files</Filter>
    </ClInclude>
    <ClInclude Include="inc\OgreBulletDynamicsPreRequisites.h">
      <Filter>Header Files</Filter>
    </ClInclude>
    <ClInclude Include="inc\OgreBulletDynamicsRigidBody.h">
      <Filter>Header Files</Filter>
    </ClInclude>
    <ClInclude Include="inc\OgreBulletDynamicsWorld.h">
      <Filter>Header Files</Filter>
    </ClInclude>
    <ClInclude Include="inc\Constraints\OgreBulletDynamics6DofConstraint.h">
      <Filter>Header Files</Filter>
    </ClInclude>
    <ClInclude Include="inc\Constraints\OgreBulletDynamics6DofSpringConstraint.h">
      <Filter>Header Files</Filter>
    </ClInclude>
    <ClInclude Include="inc\Constraints\OgreBulletDynamicsConeTwistConstraint.h">
      <Filter>Header Files</Filter>
    </ClInclude>
    <ClInclude Include="inc\Constraints\OgreBulletDynamicsHingeConstraint.h">
      <Filter>Header Files</Filter>
    </ClInclude>
    <ClInclude Include="inc\Constraints\OgreBulletDynamicsPoint2pointConstraint.h">
      <Filter>Header Files</Filter>
    </ClInclude>
    <ClInclude Include="inc\Constraints\OgreBulletDynamicsRaycastVehicle.h">
      <Filter>Header Files</Filter>
    </ClInclude>
    <ClInclude Include="inc\Debug\OgreBulletCollisionsDebugContact.h">
      <Filter>Header Files</Filter>
    </ClInclude>
    <ClInclude Include="inc\Debug\OgreBulletCollisionsDebugDrawer.h">
      <Filter>Header Files</Filter>
    </ClInclude>
    <ClInclude Include="inc\Debug\OgreBulletCollisionsDebugLines.h">
      <Filter>Header Files</Filter>
    </ClInclude>
    <ClInclude Include="inc\Debug\OgreBulletCollisionsDebugShape.h">
      <Filter>Header Files</Filter>
    </ClInclude>
    <ClInclude Include="inc\Prefab\OgreBulletDynamicsRagDoll.h">
      <Filter>Header Files</Filter>
    </ClInclude>
    <ClInclude Include="inc\Shapes\OgreBulletCollisionsBoxShape.h">
      <Filter>Header Files</Filter>
    </ClInclude>
    <ClInclude Include="inc\Shapes\OgreBulletCollisionsCapsuleShape.h">
      <Filter>Header Files</Filter>
    </ClInclude>
    <ClInclude Include="inc\Shapes\OgreBulletCollisionsCompoundShape.h">
      <Filter>Header Files</Filter>
    </ClInclude>
    <ClInclude Include="inc\Shapes\OgreBulletCollisionsConeShape.h">
      <Filter>Header Files</Filter>
    </ClInclude>
    <ClInclude Include="inc\Shapes\OgreBulletCollisionsConvexHullShape.h">
      <Filter>Header Files</Filter>
    </ClInclude>
    <ClInclude Include="inc\Shapes\OgreBulletCollisionsCylinderShape.h">
      <Filter>Header Files</Filter>
    </ClInclude>
    <ClInclude Include="inc\Shapes\OgreBulletCollisionsGImpactShape.h">
      <Filter>Header Files</Filter>
    </ClInclude>
    <ClInclude Include="inc\Shapes\OgreBulletCollisionsMinkowskiSumShape.h">
      <Filter>Header Files</Filter>
    </ClInclude>
    <ClInclude Include="inc\Shapes\OgreBulletCollisionsMultiSphereShape.h">
      <Filter>Header Files</Filter>
    </ClInclude>
    <ClInclude Include="inc\Shapes\OgreBulletCollisionsSphereShape.h">
      <Filter>Header Files</Filter>
    </ClInclude>
    <ClInclude Include="inc\Shapes\OgreBulletCollisionsStaticPlaneShape.h">
      <Filter>Header Files</Filter>
    </ClInclude>
    <ClInclude Include="inc\Shapes\OgreBulletCollisionsTerrainShape.h">
      <Filter>Header Files</Filter>
    </ClInclude>
    <ClInclude Include="inc\Shapes\OgreBulletCollisionsTriangleShape.h">
      <Filter>Header Files</Filter>
    </ClInclude>
    <ClInclude Include="inc\Shapes\OgreBulletCollisionsTrimeshShape.h">
      <Filter>Header Files</Filter>
    </ClInclude>
    <ClInclude Include="inc\Utils\OgreBulletCollisionsMeshToShapeConverter.h">
      <Filter>Header Files</Filter>
    </ClInclude>
    <ClInclude Include="inc\Utils\OgreBulletConverter.h">
      <Filter>Header Files</Filter>
    </ClInclude>
    <ClInclude Include="inc\VBulletPhysics.h">
      <Filter>Header Files</Filter>
    </ClInclude>
    <ClInclude Include="inc\VBodys.h">
      <Filter>Header Files</Filter>
    </ClInclude>
    <ClInclude Include="inc\Utils\OgreBulletUtils.h">
      <Filter>Header Files</Filter>
    </ClInclude>
  </ItemGroup>
  <ItemGroup>
    <ClCompile Include="src\OgreBulletCollisionsObject.cpp">
      <Filter>Source Files</Filter>
    </ClCompile>
    <ClCompile Include="src\OgreBulletCollisionsObjectState.cpp">
      <Filter>Source Files</Filter>
    </ClCompile>
    <ClCompile Include="src\OgreBulletCollisionsRay.cpp">
      <Filter>Source Files</Filter>
    </ClCompile>
    <ClCompile Include="src\OgreBulletCollisionsShape.cpp">
      <Filter>Source Files</Filter>
    </ClCompile>
    <ClCompile Include="src\OgreBulletCollisionsWorld.cpp">
      <Filter>Source Files</Filter>
    </ClCompile>
    <ClCompile Include="src\OgreBulletDynamicsConstraint.cpp">
      <Filter>Source Files</Filter>
    </ClCompile>
    <ClCompile Include="src\OgreBulletDynamicsObjectState.cpp">
      <Filter>Source Files</Filter>
    </ClCompile>
    <ClCompile Include="src\OgreBulletDynamicsRigidBody.cpp">
      <Filter>Source Files</Filter>
    </ClCompile>
    <ClCompile Include="src\OgreBulletDynamicsWorld.cpp">
      <Filter>Source Files</Filter>
    </ClCompile>
    <ClCompile Include="src\Constraints\OgreBulletDynamics6DofConstraint.cpp">
      <Filter>Source Files</Filter>
    </ClCompile>
    <ClCompile Include="src\Constraints\OgreBulletDynamics6DofSpringConstraint.cpp">
      <Filter>Source Files</Filter>
    </ClCompile>
    <ClCompile Include="src\Constraints\OgreBulletDynamicsConeTwistConstraint.cpp">
      <Filter>Source Files</Filter>
    </ClCompile>
    <ClCompile Include="src\Constraints\OgreBulletDynamicsHingeConstraint.cpp">
      <Filter>Source Files</Filter>
    </ClCompile>
    <ClCompile Include="src\Constraints\OgreBulletDynamicsPoint2pointConstraint.cpp">
      <Filter>Source Files</Filter>
    </ClCompile>
    <ClCompile Include="src\Constraints\OgreBulletDynamicsRaycastVehicle.cpp">
      <Filter>Source Files</Filter>
    </ClCompile>
    <ClCompile Include="src\Debug\OgreBulletCollisionsDebugContact.cpp">
      <Filter>Source Files</Filter>
    </ClCompile>
    <ClCompile Include="src\Debug\OgreBulletCollisionsDebugDrawer.cpp">
      <Filter>Source Files</Filter>
    </ClCompile>
    <ClCompile Include="src\Debug\OgreBulletCollisionsDebugLines.cpp">
      <Filter>Source Files</Filter>
    </ClCompile>
    <ClCompile Include="src\Debug\OgreBulletCollisionsDebugShape.cpp">
      <Filter>Source Files</Filter>
    </ClCompile>
    <ClCompile Include="src\Prefab\OgreBulletDynamicsRagDoll.cpp">
      <Filter>Source Files</Filter>
    </ClCompile>
    <ClCompile Include="src\Shapes\OgreBulletCollisionsBoxShape.cpp">
      <Filter>Source Files</Filter>
    </ClCompile>
    <ClCompile Include="src\Shapes\OgreBulletCollisionsCapsuleShape.cpp">
      <Filter>Source Files</Filter>
    </ClCompile>
    <ClCompile Include="src\Shapes\OgreBulletCollisionsCompoundShape.cpp">
      <Filter>Source Files</Filter>
    </ClCompile>
    <ClCompile Include="src\Shapes\OgreBulletCollisionsConeShape.cpp">
      <Filter>Source Files</Filter>
    </ClCompile>
    <ClCompile Include="src\Shapes\OgreBulletCollisionsConvexHullShape.cpp">
      <Filter>Source Files</Filter>
    </ClCompile>
    <ClCompile Include="src\Shapes\OgreBulletCollisionsCylinderShape.cpp">
      <Filter>Source Files</Filter>
    </ClCompile>
    <ClCompile Include="src\Shapes\OgreBulletCollisionsGImpactShape.cpp">
      <Filter>Source Files</Filter>
    </ClCompile>
    <ClCompile Include="src\Shapes\OgreBulletCollisionsMinkowskiSumShape.cpp">
      <Filter>Source Files</Filter>
    </ClCompile>
    <ClCompile Include="src\Shapes\OgreBulletCollisionsMultiSphereShape.cpp">
      <Filter>Source Files</Filter>
    </ClCompile>
    <ClCompile Include="src\Shapes\OgreBulletCollisionsSphereShape.cpp">
      <Filter>Source Files</Filter>
    </ClCompile>
    <ClCompile Include="src\Shapes\OgreBulletCollisionsStaticPlaneShape.cpp">
      <Filter>Source Files</Filter>
    </ClCompile>
    <ClCompile Include="src\Shapes\OgreBulletCollisionsTerrainShape.cpp">
      <Filter>Source Files</Filter>
    </ClCompile>
    <ClCompile Include="src\Shapes\OgreBulletCollisionsTriangleShape.cpp">
      <Filter>Source Files</Filter>
    </ClCompile>
    <ClCompile Include="src\Shapes\OgreBulletCollisionsTrimeshShape.cpp">
      <Filter>Source Files</Filter>
    </ClCompile>
    <ClCompile Include="src\Utils\OgreBulletCollisionsMeshToShapeConverter.cpp">
      <Filter>Source Files</Filter>
    </ClCompile>
    <ClCompile Include="src\VBulletPhysics.cpp">
      <Filter>Source Files</Filter>
    </ClCompile>
    <ClCompile Include="src\VBodys.cpp">
      <Filter>Source Files</Filter>
    </ClCompile>
  </ItemGroup>
</Project>